
Microsoft Visual Studio Solution File, Format Version 12.00
# Visual Studio Version 16
VisualStudioVersion = 16.0.31624.102
MinimumVisualStudioVersion = 10.0.40219.1
Project("{FAE04EC0-301F-11D3-BF4B-00C04F79EFBC}") = "WebApplication2", "WebApplication2\WebApplication2.csproj", "{726E0601-6398-479E-89FA-4B19FBA5F549}"
EndProject
Global
	GlobalSection(SolutionConfigurationPlatforms) = preSolution
		Debug|Any CPU = Debug|Any CPU
		Release|Any CPU = Release|Any CPU
	EndGlobalSection
	GlobalSection(ProjectConfigurationPlatforms) = postSolution
		{726E0601-6398-479E-89FA-4B19FBA5F549}.Debug|Any CPU.ActiveCfg = Debug|Any CPU
		{726E0601-6398-479E-89FA-4B19FBA5F549}.Debug|Any CPU.Build.0 = Debug|Any CPU
		{726E0601-6398-479E-89FA-4B19FBA5F549}.Release|Any CPU.ActiveCfg = Release|Any CPU
		{726E0601-6398-479E-89FA-4B19FBA5F549}.Release|Any CPU.Build.0 = Release|Any CPU
	EndGlobalSection
	GlobalSection(SolutionProperties) = preSolution
		HideSolutionNode = FALSE
	EndGlobalSection
	GlobalSection(ExtensibilityGlobals) = postSolution
		SolutionGuid = {FD6ABDA7-A864-45AD-8AAD-BBFA6F7E733B}
	EndGlobalSection
EndGlobal
